// !$*UTF8*$!
{
	archiveVersion = 1;
	classes = {
	};
	objectVersion = 48;
	objects = {

/* Begin PBXBuildFile section */
		7582400520BAC49D0073513D /* AppDelegate.swift in Sources */ = {isa = PBXBuildFile; fileRef = 7582400420BAC49D0073513D /* AppDelegate.swift */; };
		7582400720BAC49D0073513D /* ViewController.swift in Sources */ = {isa = PBXBuildFile; fileRef = 7582400620BAC49D0073513D /* ViewController.swift */; };
		7582400A20BAC49D0073513D /* Main.storyboard in Resources */ = {isa = PBXBuildFile; fileRef = 7582400820BAC49D0073513D /* Main.storyboard */; };
		7582400C20BAC49D0073513D /* Assets.xcassets in Resources */ = {isa = PBXBuildFile; fileRef = 7582400B20BAC49D0073513D /* Assets.xcassets */; };
		7582400F20BAC49D0073513D /* LaunchScreen.storyboard in Resources */ = {isa = PBXBuildFile; fileRef = 7582400D20BAC49D0073513D /* LaunchScreen.storyboard */; };
		7582401B20BAC49D0073513D /* DisplayCell.swift in Sources */ = {isa = PBXBuildFile; fileRef = 7582401A20BAC49D0073513D /* DisplayCell.swift */; };
/* End PBXBuildFile section */

/* Begin PBXFileReference section */
		7582400120BAC49D0073513D /* Json_Data_UITablleView_Country&Capital_Swift4.app */ = {isa = PBXFileReference; explicitFileType = wrapper.application; includeInIndex = 0; path = "Json_Data_UITablleView_Country&Capital_Swift4.app"; sourceTree = BUILT_PRODUCTS_DIR; };
		7582400420BAC49D0073513D /* AppDelegate.swift */ = {isa = PBXFileReference; lastKnownFileType = sourcecode.swift; path = AppDelegate.swift; sourceTree = "<group>"; };
		7582400620BAC49D0073513D /* ViewController.swift */ = {isa = PBXFileReference; lastKnownFileType = sourcecode.swift; path = ViewController.swift; sourceTree = "<group>"; };
		7582400920BAC49D0073513D /* Base */ = {isa = PBXFileReference; lastKnownFileType = file.storyboard; name = Base; path = Base.lproj/Main.storyboard; sourceTree = "<group>"; };
		7582400B20BAC49D0073513D /* Assets.xcassets */ = {isa = PBXFileReference; lastKnownFileType = folder.assetcatalog; path = Assets.xcassets; sourceTree = "<group>"; };
		7582400E20BAC49D0073513D /* Base */ = {isa = PBXFileReference; lastKnownFileType = file.storyboard; name = Base; path = Base.lproj/LaunchScreen.storyboard; sourceTree = "<group>"; };
		7582401020BAC49D0073513D /* Info.plist */ = {isa = PBXFileReference; lastKnownFileType = text.plist.xml; path = Info.plist; sourceTree = "<group>"; };
		7582401A20BAC49D0073513D /* DisplayCell.swift */ = {isa = PBXFileReference; lastKnownFileType = sourcecode.swift; path = DisplayCell.swift; sourceTree = "<group>"; };
/* End PBXFileReference section */

/* Begin PBXFrameworksBuildPhase section */
		75823FFE20BAC49D0073513D /* Frameworks */ = {
			isa = PBXFrameworksBuildPhase;
			buildActionMask = 2147483647;
			files = (
			);
			runOnlyForDeploymentPostprocessing = 0;
		};
/* End PBXFrameworksBuildPhase section */

/* Begin PBXGroup section */
		75823FF820BAC49D0073513D = {
			isa = PBXGroup;
			children = (
				7582400320BAC49D0073513D /* Json_Data_UITablleView_Country&Capital_Swift4 */,
				7582400220BAC49D0073513D /* Products */,
			);
			sourceTree = "<group>";
		};
		7582400220BAC49D0073513D /* Products */ = {
			isa = PBXGroup;
			children = (
				7582400120BAC49D0073513D /* Json_Data_UITablleView_Country&Capital_Swift4.app */,
			);
			name = Products;
			sourceTree = "<group>";
		};
		7582400320BAC49D0073513D /* Json_Data_UITablleView_Country&Capital_Swift4 */ = {
			isa = PBXGroup;
			children = (
				7582400420BAC49D0073513D /* AppDelegate.swift */,
				7582400620BAC49D0073513D /* ViewController.swift */,
				7582400820BAC49D0073513D /* Main.storyboard */,
				7582400B20BAC49D0073513D /* Assets.xcassets */,
				7582400D20BAC49D0073513D /* LaunchScreen.storyboard */,
				7582401020BAC49D0073513D /* Info.plist */,
				7582401A20BAC49D0073513D /* DisplayCell.swift */,
			);
			path = "Json_Data_UITablleView_Country&Capital_Swift4";
			sourceTree = "<group>";
		};
/* End PBXGroup section */

/* Begin PBXNativeTarget section */
		7582400020BAC49D0073513D /* Json_Data_UITablleView_Country&Capital_Swift4 */ = {
			isa = PBXNativeTarget;
			buildConfigurationList = 7582401320BAC49D0073513D /* Build configuration list for PBXNativeTarget "Json_Data_UITablleView_Country&Capital_Swift4" */;
			buildPhases = (
				75823FFD20BAC49D0073513D /* Sources */,
				75823FFE20BAC49D0073513D /* Frameworks */,
				75823FFF20BAC49D0073513D /* Resources */,
			);
			buildRules = (
			);
			dependencies = (
			);
			name = "Json_Data_UITablleView_Country&Capital_Swift4";
			productName = "Json_Data_UITablleView_Country&Capital_Swift4";
			productReference = 7582400120BAC49D0073513D /* Json_Data_UITablleView_Country&Capital_Swift4.app */;
			productType = "com.apple.product-type.application";
		};
/* End PBXNativeTarget section */

/* Begin PBXProject section */
		75823FF920BAC49D0073513D /* Project object */ = {
			isa = PBXProject;
			attributes = {
				LastSwiftUpdateCheck = 0920;
				LastUpgradeCheck = 0920;
				ORGANIZATIONNAME = "DeEp KapaDia";
				TargetAttributes = {
					7582400020BAC49D0073513D = {
						CreatedOnToolsVersion = 9.2;
						ProvisioningStyle = Automatic;
					};
				};
			};
			buildConfigurationList = 75823FFC20BAC49D0073513D /* Build configuration list for PBXProject "Json_Data_UITablleView_Country&Capital_Swift4" */;
			compatibilityVersion = "Xcode 8.0";
			developmentRegion = en;
			hasScannedForEncodings = 0;
			knownRegions = (
				en,
				Base,
			);
			mainGroup = 75823FF820BAC49D0073513D;
			productRefGroup = 7582400220BAC49D0073513D /* Products */;
			projectDirPath = "";
			projectRoot = "";
			targets = (
				7582400020BAC49D0073513D /* Json_Data_UITablleView_Country&Capital_Swift4 */,
			);
		};
/* End PBXProject section */

/* Begin PBXResourcesBuildPhase section */
		75823FFF20BAC49D0073513D /* Resources */ = {
			isa = PBXResourcesBuildPhase;
			buildActionMask = 2147483647;
			files = (
				7582400F20BAC49D0073513D /* LaunchScreen.storyboard in Resources */,
				7582400C20BAC49D0073513D /* Assets.xcassets in Resources */,
				7582400A20BAC49D0073513D /* Main.storyboard in Resources */,
			);
			runOnlyForDeploymentPostprocessing = 0;
		};
/* End PBXResourcesBuildPhase section */

/* Begin PBXSourcesBuildPhase section */
		75823FFD20BAC49D0073513D /* Sources */ = {
			isa = PBXSourcesBuildPhase;
			buildActionMask = 2147483647;
			files = (
				7582400720BAC49D0073513D /* ViewController.swift in Sources */,
				7582400520BAC49D0073513D /* AppDelegate.swift in Sources */,
				7582401B20BAC49D0073513D /* DisplayCell.swift in Sources */,
			);
			runOnlyForDeploymentPostprocessing = 0;
		};
/* End PBXSourcesBuildPhase section */

/* Begin PBXVariantGroup section */
		7582400820BAC49D0073513D /* Main.storyboard */ = {
			isa = PBXVariantGroup;
			children = (
				7582400920BAC49D0073513D /* Base */,
			);
			name = Main.storyboard;
			sourceTree = "<group>";
		};
		7582400D20BAC49D0073513D /* LaunchScreen.storyboard */ = {
			isa = PBXVariantGroup;
			children = (
				7582400E20BAC49D0073513D /* Base */,
			);
			name = LaunchScreen.storyboard;
			sourceTree = "<group>";
		};
/* End PBXVariantGroup section */

/* Begin XCBuildConfiguration section */
		7582401120BAC49D0073513D /* Debug */ = {
			isa = XCBuildConfiguration;
			buildSettings = {
				ALWAYS_SEARCH_USER_PATHS = NO;
				CLANG_ANALYZER_NONNULL = YES;
				CLANG_ANALYZER_NUMBER_OBJECT_CONVERSION = YES_AGGRESSIVE;
				CLANG_CXX_LANGUAGE_STANDARD = "gnu++14";
				CLANG_CXX_LIBRARY = "libc++";
				CLANG_ENABLE_MODULES = YES;
				CLANG_ENABLE_OBJC_ARC = YES;
				CLANG_WARN_BLOCK_CAPTURE_AUTORELEASING = YES;
				CLANG_WARN_BOOL_CONVERSION = YES;
				CLANG_WARN_COMMA = YES;
				CLANG_WARN_CONSTANT_CONVERSION = YES;
				CLANG_WARN_DIRECT_OBJC_ISA_USAGE = YES_ERROR;
				CLANG_WARN_DOCUMENTATION_COMMENTS = YES;
				CLANG_WARN_EMPTY_BODY = YES;
				CLANG_WARN_ENUM_CONVERSION = YES;
				CLANG_WARN_INFINITE_RECURSION = YES;
				CLANG_WARN_INT_CONVERSION = YES;
				CLANG_WARN_NON_LITERAL_NULL_CONVERSION = YES;
				CLANG_WARN_OBJC_LITERAL_CONVERSION = YES;
				CLANG_WARN_OBJC_ROOT_CLASS = YES_ERROR;
				CLANG_WARN_RANGE_LOOP_ANALYSIS = YES;
				CLANG_WARN_STRICT_PROTOTYPES = YES;
				CLANG_WARN_SUSPICIOUS_MOVE = YES;
				CLANG_WARN_UNGUARDED_AVAILABILITY = YES_AGGRESSIVE;
				CLANG_WARN_UNREACHABLE_CODE = YES;
				CLANG_WARN__DUPLICATE_METHOD_MATCH = YES;
				CODE_SIGN_IDENTITY = "iPhone Developer";
				COPY_PHASE_STRIP = NO;
				DEBUG_INFORMATION_FORMAT = dwarf;
				ENABLE_STRICT_OBJC_MSGSEND = YES;
				ENABLE_TESTABILITY = YES;
				GCC_C_LANGUAGE_STANDARD = gnu11;
				GCC_DYNAMIC_NO_PIC = NO;
				GCC_NO_COMMON_BLOCKS = YES;
				GCC_OPTIMIZATION_LEVEL = 0;
				GCC_PREPROCESSOR_DEFINITIONS = (
					"DEBUG=1",
					"$(inherited)",
				);
				GCC_WARN_64_TO_32_BIT_CONVERSION = YES;
				GCC_WARN_ABOUT_RETURN_TYPE = YES_ERROR;
				GCC_WARN_UNDECLARED_SELECTOR = YES;
				GCC_WARN_UNINITIALIZED_AUTOS = YES_AGGRESSIVE;
				GCC_WARN_UNUSED_FUNCTION = YES;
				GCC_WARN_UNUSED_VARIABLE = YES;
				IPHONEOS_DEPLOYMENT_TARGET = 11.2;
				MTL_ENABLE_DEBUG_INFO = YES;
				ONLY_ACTIVE_ARCH = YES;
				SDKROOT = iphoneos;
				SWIFT_ACTIVE_COMPILATION_CONDITIONS = DEBUG;
				SWIFT_OPTIMIZATION_LEVEL = "-Onone";
			};
			name = Debug;
		};
		7582401220BAC49D0073513D /* Release */ = {
			isa = XCBuildConfiguration;
			buildSettings = {
				ALWAYS_SEARCH_USER_PATHS = NO;
				CLANG_ANALYZER_NONNULL = YES;
				CLANG_ANALYZER_NUMBER_OBJECT_CONVERSION = YES_AGGRESSIVE;
				CLANG_CXX_LANGUAGE_STANDARD = "gnu++14";
				CLANG_CXX_LIBRARY = "libc++";
				CLANG_ENABLE_MODULES = YES;
				CLANG_ENABLE_OBJC_ARC = YES;
				CLANG_WARN_BLOCK_CAPTURE_AUTORELEASING = YES;
				CLANG_WARN_BOOL_CONVERSION = YES;
				CLANG_WARN_COMMA = YES;
				CLANG_WARN_CONSTANT_CONVERSION = YES;
				CLANG_WARN_DIRECT_OBJC_ISA_USAGE = YES_ERROR;
				CLANG_WARN_DOCUMENTATION_COMMENTS = YES;
				CLANG_WARN_EMPTY_BODY = YES;
				CLANG_WARN_ENUM_CONVERSION = YES;
				CLANG_WARN_INFINITE_RECURSION = YES;
				CLANG_WARN_INT_CONVERSION = YES;
				CLANG_WARN_NON_LITERAL_NULL_CONVERSION = YES;
				CLANG_WARN_OBJC_LITERAL_CONVERSION = YES;
				CLANG_WARN_OBJC_ROOT_CLASS = YES_ERROR;
				CLANG_WARN_RANGE_LOOP_ANALYSIS = YES;
				CLANG_WARN_STRICT_PROTOTYPES = YES;
				CLANG_WARN_SUSPICIOUS_MOVE = YES;
				CLANG_WARN_UNGUARDED_AVAILABILITY = YES_AGGRESSIVE;
				CLANG_WARN_UNREACHABLE_CODE = YES;
				CLANG_WARN__DUPLICATE_METHOD_MATCH = YES;
				CODE_SIGN_IDENTITY = "iPhone Developer";
				COPY_PHASE_STRIP = NO;
				DEBUG_INFORMATION_FORMAT = "dwarf-with-dsym";
				ENABLE_NS_ASSERTIONS = NO;
				ENABLE_STRICT_OBJC_MSGSEND = YES;
				GCC_C_LANGUAGE_STANDARD = gnu11;
				GCC_NO_COMMON_BLOCKS = YES;
				GCC_WARN_64_TO_32_BIT_CONVERSION = YES;
				GCC_WARN_ABOUT_RETURN_TYPE = YES_ERROR;
				GCC_WARN_UNDECLARED_SELECTOR = YES;
				GCC_WARN_UNINITIALIZED_AUTOS = YES_AGGRESSIVE;
				GCC_WARN_UNUSED_FUNCTION = YES;
				GCC_WARN_UNUSED_VARIABLE = YES;
				IPHONEOS_DEPLOYMENT_TARGET = 11.2;
				MTL_ENABLE_DEBUG_INFO = NO;
				SDKROOT = iphoneos;
				SWIFT_OPTIMIZATION_LEVEL = "-Owholemodule";
				VALIDATE_PRODUCT = YES;
			};
			name = Release;
		};
		7582401420BAC49D0073513D /* Debug */ = {
			isa = XCBuildConfiguration;
			buildSettings = {
				ASSETCATALOG_COMPILER_APPICON_NAME = AppIcon;
				CODE_SIGN_STYLE = Automatic;
				INFOPLIST_FILE = "Json_Data_UITablleView_Country&Capital_Swift4/Info.plist";
				LD_RUNPATH_SEARCH_PATHS = "$(inherited) @executable_path/Frameworks";
				PRODUCT_BUNDLE_IDENTIFIER = "Project.Json-Data-UITablleView-Country-Capital-Swift4";
				PRODUCT_NAME = "$(TARGET_NAME)";
				SWIFT_VERSION = 4.0;
				TARGETED_DEVICE_FAMILY = "1,2";
			};
			name = Debug;
		};
		7582401520BAC49D0073513D /* Release */ = {
			isa = XCBuildConfiguration;
			buildSettings = {
				ASSETCATALOG_COMPILER_APPICON_NAME = AppIcon;
				CODE_SIGN_STYLE = Automatic;
				INFOPLIST_FILE = "Json_Data_UITablleView_Country&Capital_Swift4/Info.plist";
				LD_RUNPATH_SEARCH_PATHS = "$(inherited) @executable_path/Frameworks";
				PRODUCT_BUNDLE_IDENTIFIER = "Project.Json-Data-UITablleView-Country-Capital-Swift4";
				PRODUCT_NAME = "$(TARGET_NAME)";
				SWIFT_VERSION = 4.0;
				TARGETED_DEVICE_FAMILY = "1,2";
			};
			name = Release;
		};
/* End XCBuildConfiguration section */

/* Begin XCConfigurationList section */
		75823FFC20BAC49D0073513D /* Build configuration list for PBXProject "Json_Data_UITablleView_Country&Capital_Swift4" */ = {
			isa = XCConfigurationList;
			buildConfigurations = (
				7582401120BAC49D0073513D /* Debug */,
				7582401220BAC49D0073513D /* Release */,
			);
			defaultConfigurationIsVisible = 0;
			defaultConfigurationName = Release;
		};
		7582401320BAC49D0073513D /* Build configuration list for PBXNativeTarget "Json_Data_UITablleView_Country&Capital_Swift4" */ = {
			isa = XCConfigurationList;
			buildConfigurations = (
				7582401420BAC49D0073513D /* Debug */,
				7582401520BAC49D0073513D /* Release */,
			);
			defaultConfigurationIsVisible = 0;
			defaultConfigurationName = Release;
		};
/* End XCConfigurationList section */
	};
	rootObject = 75823FF920BAC49D0073513D /* Project object */;
}
